{
  "name": "totaljs-api",
  "version": "1.0.0",
  "lockfileVersion": 1,
  "requires": true,
  "dependencies": {
    "total4": {
      "version": "0.0.40",
      "resolved": "https://registry.npmjs.org/total4/-/total4-0.0.40.tgz",
      "integrity": "sha512-kxA2+m6R5FLCW2NwcQKI3hS5nobymPgg7ci493i5qGCbdZYg0Nk/mvt7Wq66CIwxL2I7Uj7pnubTWRBcX2Ycaw=="
    }
  }
}
